
Microsoft Visual Studio Solution File, Format Version 12.00
# Visual Studio Version 17
VisualStudioVersion = 17.5.33424.131
MinimumVisualStudioVersion = 10.0.40219.1
Project("{FAE04EC0-301F-11D3-BF4B-00C04F79EFBC}") = "Persistens", "Persistens\Persistens.csproj", "{029E2261-2C9E-41D3-B097-320198209370}"
EndProject
Project("{FAE04EC0-301F-11D3-BF4B-00C04F79EFBC}") = "PersistensTest", "PersistensTest\PersistensTest.csproj", "{B3F56940-4B5F-4920-8D0D-50A5CA813BFC}"
EndProject
Global
	GlobalSection(SolutionConfigurationPlatforms) = preSolution
		Debug|Any CPU = Debug|Any CPU
		Release|Any CPU = Release|Any CPU
	EndGlobalSection
	GlobalSection(ProjectConfigurationPlatforms) = postSolution
		{029E2261-2C9E-41D3-B097-320198209370}.Debug|Any CPU.ActiveCfg = Debug|Any CPU
		{029E2261-2C9E-41D3-B097-320198209370}.Debug|Any CPU.Build.0 = Debug|Any CPU
		{029E2261-2C9E-41D3-B097-320198209370}.Release|Any CPU.ActiveCfg = Release|Any CPU
		{029E2261-2C9E-41D3-B097-320198209370}.Release|Any CPU.Build.0 = Release|Any CPU
		{B3F56940-4B5F-4920-8D0D-50A5CA813BFC}.Debug|Any CPU.ActiveCfg = Debug|Any CPU
		{B3F56940-4B5F-4920-8D0D-50A5CA813BFC}.Debug|Any CPU.Build.0 = Debug|Any CPU
		{B3F56940-4B5F-4920-8D0D-50A5CA813BFC}.Release|Any CPU.ActiveCfg = Release|Any CPU
		{B3F56940-4B5F-4920-8D0D-50A5CA813BFC}.Release|Any CPU.Build.0 = Release|Any CPU
	EndGlobalSection
	GlobalSection(SolutionProperties) = preSolution
		HideSolutionNode = FALSE
	EndGlobalSection
	GlobalSection(ExtensibilityGlobals) = postSolution
		SolutionGuid = {A6B38FF9-A4BD-4DAD-AF6F-D6449C1AF2E1}
	EndGlobalSection
EndGlobal
